
Microsoft Visual Studio Solution File, Format Version 12.00
# Visual Studio Version 17
VisualStudioVersion = 17.7.34031.279
MinimumVisualStudioVersion = 10.0.40219.1
Project("{FAE04EC0-301F-11D3-BF4B-00C04F79EFBC}") = "desafio-2", "desafio-2.csproj", "{5372EF72-D1CE-412F-9309-97C3056A4560}"
EndProject
Global
	GlobalSection(SolutionConfigurationPlatforms) = preSolution
		Debug|Any CPU = Debug|Any CPU
		Release|Any CPU = Release|Any CPU
	EndGlobalSection
	GlobalSection(ProjectConfigurationPlatforms) = postSolution
		{5372EF72-D1CE-412F-9309-97C3056A4560}.Debug|Any CPU.ActiveCfg = Debug|Any CPU
		{5372EF72-D1CE-412F-9309-97C3056A4560}.Debug|Any CPU.Build.0 = Debug|Any CPU
		{5372EF72-D1CE-412F-9309-97C3056A4560}.Release|Any CPU.ActiveCfg = Release|Any CPU
		{5372EF72-D1CE-412F-9309-97C3056A4560}.Release|Any CPU.Build.0 = Release|Any CPU
	EndGlobalSection
	GlobalSection(SolutionProperties) = preSolution
		HideSolutionNode = FALSE
	EndGlobalSection
	GlobalSection(ExtensibilityGlobals) = postSolution
		SolutionGuid = {D3B88282-7D9F-4E73-9C91-3D54B7B46688}
	EndGlobalSection
EndGlobal
