
Microsoft Visual Studio Solution File, Format Version 12.00
# Visual Studio Version 17
VisualStudioVersion = 17.7.34031.279
MinimumVisualStudioVersion = 10.0.40219.1
Project("{FAE04EC0-301F-11D3-BF4B-00C04F79EFBC}") = "desafio-3-2", "desafio-3-2.csproj", "{A8A927C6-3E6C-403E-85F7-0BBF7169574B}"
EndProject
Global
	GlobalSection(SolutionConfigurationPlatforms) = preSolution
		Debug|Any CPU = Debug|Any CPU
		Release|Any CPU = Release|Any CPU
	EndGlobalSection
	GlobalSection(ProjectConfigurationPlatforms) = postSolution
		{A8A927C6-3E6C-403E-85F7-0BBF7169574B}.Debug|Any CPU.ActiveCfg = Debug|Any CPU
		{A8A927C6-3E6C-403E-85F7-0BBF7169574B}.Debug|Any CPU.Build.0 = Debug|Any CPU
		{A8A927C6-3E6C-403E-85F7-0BBF7169574B}.Release|Any CPU.ActiveCfg = Release|Any CPU
		{A8A927C6-3E6C-403E-85F7-0BBF7169574B}.Release|Any CPU.Build.0 = Release|Any CPU
	EndGlobalSection
	GlobalSection(SolutionProperties) = preSolution
		HideSolutionNode = FALSE
	EndGlobalSection
	GlobalSection(ExtensibilityGlobals) = postSolution
		SolutionGuid = {854D312E-19FF-4D7E-9421-394B7C7E9F97}
	EndGlobalSection
EndGlobal
