
Microsoft Visual Studio Solution File, Format Version 12.00
# Visual Studio Version 17
VisualStudioVersion = 17.7.34031.279
MinimumVisualStudioVersion = 10.0.40219.1
Project("{FAE04EC0-301F-11D3-BF4B-00C04F79EFBC}") = "holamundo", "holamundo.csproj", "{B0BBFAC7-4DF1-4D98-9D04-AB124644049C}"
EndProject
Global
	GlobalSection(SolutionConfigurationPlatforms) = preSolution
		Debug|Any CPU = Debug|Any CPU
		Release|Any CPU = Release|Any CPU
	EndGlobalSection
	GlobalSection(ProjectConfigurationPlatforms) = postSolution
		{B0BBFAC7-4DF1-4D98-9D04-AB124644049C}.Debug|Any CPU.ActiveCfg = Debug|Any CPU
		{B0BBFAC7-4DF1-4D98-9D04-AB124644049C}.Debug|Any CPU.Build.0 = Debug|Any CPU
		{B0BBFAC7-4DF1-4D98-9D04-AB124644049C}.Release|Any CPU.ActiveCfg = Release|Any CPU
		{B0BBFAC7-4DF1-4D98-9D04-AB124644049C}.Release|Any CPU.Build.0 = Release|Any CPU
	EndGlobalSection
	GlobalSection(SolutionProperties) = preSolution
		HideSolutionNode = FALSE
	EndGlobalSection
	GlobalSection(ExtensibilityGlobals) = postSolution
		SolutionGuid = {82531884-A08E-475D-BF6F-25B36B1DFC2B}
	EndGlobalSection
EndGlobal
